// !$*UTF8*$!
{
	archiveVersion = 1;
	classes = {
	};
	objectVersion = 46;
	objects = {

/* Begin PBXBuildFile section */
		63454A1D1A31962A00D04A6F /* main.m in Sources */ = {isa = PBXBuildFile; fileRef = 63454A1C1A31962A00D04A6F /* main.m */; };
		63454A201A31962A00D04A6F /* AppDelegate.m in Sources */ = {isa = PBXBuildFile; fileRef = 63454A1F1A31962A00D04A6F /* AppDelegate.m */; };
		63454A231A31962A00D04A6F /* ViewController.m in Sources */ = {isa = PBXBuildFile; fileRef = 63454A221A31962A00D04A6F /* ViewController.m */; };
		63454A261A31962A00D04A6F /* Main.storyboard in Resources */ = {isa = PBXBuildFile; fileRef = 63454A241A31962A00D04A6F /* Main.storyboard */; };
		63454A281A31962A00D04A6F /* Images.xcassets in Resources */ = {isa = PBXBuildFile; fileRef = 63454A271A31962A00D04A6F /* Images.xcassets */; };
		63454A2B1A31962A00D04A6F /* LaunchScreen.xib in Resources */ = {isa = PBXBuildFile; fileRef = 63454A291A31962A00D04A6F /* LaunchScreen.xib */; };
		63454A371A31962A00D04A6F /* TestBotTests.m in Sources */ = {isa = PBXBuildFile; fileRef = 63454A361A31962A00D04A6F /* TestBotTests.m */; };
/* End PBXBuildFile section */

/* Begin PBXContainerItemProxy section */
		63454A311A31962A00D04A6F /* PBXContainerItemProxy */ = {
			isa = PBXContainerItemProxy;
			containerPortal = 63454A0F1A31962A00D04A6F /* Project object */;
			proxyType = 1;
			remoteGlobalIDString = 63454A161A31962A00D04A6F;
			remoteInfo = TestBot;
		};
/* End PBXContainerItemProxy section */

/* Begin PBXFileReference section */
		63454A171A31962A00D04A6F /* TestBot.app */ = {isa = PBXFileReference; explicitFileType = wrapper.application; includeInIndex = 0; path = TestBot.app; sourceTree = BUILT_PRODUCTS_DIR; };
		63454A1B1A31962A00D04A6F /* Info.plist */ = {isa = PBXFileReference; lastKnownFileType = text.plist.xml; path = Info.plist; sourceTree = "<group>"; };
		63454A1C1A31962A00D04A6F /* main.m */ = {isa = PBXFileReference; lastKnownFileType = sourcecode.c.objc; path = main.m; sourceTree = "<group>"; };
		63454A1E1A31962A00D04A6F /* AppDelegate.h */ = {isa = PBXFileReference; lastKnownFileType = sourcecode.c.h; path = AppDelegate.h; sourceTree = "<group>"; };
		63454A1F1A31962A00D04A6F /* AppDelegate.m */ = {isa = PBXFileReference; lastKnownFileType = sourcecode.c.objc; path = AppDelegate.m; sourceTree = "<group>"; };
		63454A211A31962A00D04A6F /* ViewController.h */ = {isa = PBXFileReference; lastKnownFileType = sourcecode.c.h; path = ViewController.h; sourceTree = "<group>"; };
		63454A221A31962A00D04A6F /* ViewController.m */ = {isa = PBXFileReference; lastKnownFileType = sourcecode.c.objc; path = ViewController.m; sourceTree = "<group>"; };
		63454A251A31962A00D04A6F /* Base */ = {isa = PBXFileReference; lastKnownFileType = file.storyboard; name = Base; path = Base.lproj/Main.storyboard; sourceTree = "<group>"; };
		63454A271A31962A00D04A6F /* Images.xcassets */ = {isa = PBXFileReference; lastKnownFileType = folder.assetcatalog; path = Images.xcassets; sourceTree = "<group>"; };
		63454A2A1A31962A00D04A6F /* Base */ = {isa = PBXFileReference; lastKnownFileType = file.xib; name = Base; path = Base.lproj/LaunchScreen.xib; sourceTree = "<group>"; };
		63454A301A31962A00D04A6F /* TestBotTests.xctest */ = {isa = PBXFileReference; explicitFileType = wrapper.cfbundle; includeInIndex = 0; path = TestBotTests.xctest; sourceTree = BUILT_PRODUCTS_DIR; };
		63454A351A31962A00D04A6F /* Info.plist */ = {isa = PBXFileReference; lastKnownFileType = text.plist.xml; path = Info.plist; sourceTree = "<group>"; };
		63454A361A31962A00D04A6F /* TestBotTests.m */ = {isa = PBXFileReference; lastKnownFileType = sourcecode.c.objc; path = TestBotTests.m; sourceTree = "<group>"; };
/* End PBXFileReference section */

/* Begin PBXFrameworksBuildPhase section */
		63454A141A31962A00D04A6F /* Frameworks */ = {
			isa = PBXFrameworksBuildPhase;
			buildActionMask = 2147483647;
			files = (
			);
			runOnlyForDeploymentPostprocessing = 0;
		};
		63454A2D1A31962A00D04A6F /* Frameworks */ = {
			isa = PBXFrameworksBuildPhase;
			buildActionMask = 2147483647;
			files = (
			);
			runOnlyForDeploymentPostprocessing = 0;
		};
/* End PBXFrameworksBuildPhase section */

/* Begin PBXGroup section */
		63454A0E1A31962A00D04A6F = {
			isa = PBXGroup;
			children = (
				63454A191A31962A00D04A6F /* TestBot */,
				63454A331A31962A00D04A6F /* TestBotTests */,
				63454A181A31962A00D04A6F /* Products */,
			);
			sourceTree = "<group>";
		};
		63454A181A31962A00D04A6F /* Products */ = {
			isa = PBXGroup;
			children = (
				63454A171A31962A00D04A6F /* TestBot.app */,
				63454A301A31962A00D04A6F /* TestBotTests.xctest */,
			);
			name = Products;
			sourceTree = "<group>";
		};
		63454A191A31962A00D04A6F /* TestBot */ = {
			isa = PBXGroup;
			children = (
				63454A1E1A31962A00D04A6F /* AppDelegate.h */,
				63454A1F1A31962A00D04A6F /* AppDelegate.m */,
				63454A211A31962A00D04A6F /* ViewController.h */,
				63454A221A31962A00D04A6F /* ViewController.m */,
				63454A241A31962A00D04A6F /* Main.storyboard */,
				63454A271A31962A00D04A6F /* Images.xcassets */,
				63454A291A31962A00D04A6F /* LaunchScreen.xib */,
				63454A1A1A31962A00D04A6F /* Supporting Files */,
			);
			path = TestBot;
			sourceTree = "<group>";
		};
		63454A1A1A31962A00D04A6F /* Supporting Files */ = {
			isa = PBXGroup;
			children = (
				63454A1B1A31962A00D04A6F /* Info.plist */,
				63454A1C1A31962A00D04A6F /* main.m */,
			);
			name = "Supporting Files";
			sourceTree = "<group>";
		};
		63454A331A31962A00D04A6F /* TestBotTests */ = {
			isa = PBXGroup;
			children = (
				63454A361A31962A00D04A6F /* TestBotTests.m */,
				63454A341A31962A00D04A6F /* Supporting Files */,
			);
			path = TestBotTests;
			sourceTree = "<group>";
		};
		63454A341A31962A00D04A6F /* Supporting Files */ = {
			isa = PBXGroup;
			children = (
				63454A351A31962A00D04A6F /* Info.plist */,
			);
			name = "Supporting Files";
			sourceTree = "<group>";
		};
/* End PBXGroup section */

/* Begin PBXNativeTarget section */
		63454A161A31962A00D04A6F /* TestBot */ = {
			isa = PBXNativeTarget;
			buildConfigurationList = 63454A3A1A31962A00D04A6F /* Build configuration list for PBXNativeTarget "TestBot" */;
			buildPhases = (
				63454A131A31962A00D04A6F /* Sources */,
				63454A141A31962A00D04A6F /* Frameworks */,
				63454A151A31962A00D04A6F /* Resources */,
			);
			buildRules = (
			);
			dependencies = (
			);
			name = TestBot;
			productName = TestBot;
			productReference = 63454A171A31962A00D04A6F /* TestBot.app */;
			productType = "com.apple.product-type.application";
		};
		63454A2F1A31962A00D04A6F /* TestBotTests */ = {
			isa = PBXNativeTarget;
			buildConfigurationList = 63454A3D1A31962A00D04A6F /* Build configuration list for PBXNativeTarget "TestBotTests" */;
			buildPhases = (
				63454A2C1A31962A00D04A6F /* Sources */,
				63454A2D1A31962A00D04A6F /* Frameworks */,
				63454A2E1A31962A00D04A6F /* Resources */,
			);
			buildRules = (
			);
			dependencies = (
				63454A321A31962A00D04A6F /* PBXTargetDependency */,
			);
			name = TestBotTests;
			productName = TestBotTests;
			productReference = 63454A301A31962A00D04A6F /* TestBotTests.xctest */;
			productType = "com.apple.product-type.bundle.unit-test";
		};
/* End PBXNativeTarget section */

/* Begin PBXProject section */
		63454A0F1A31962A00D04A6F /* Project object */ = {
			isa = PBXProject;
			attributes = {
				LastUpgradeCheck = 0610;
				ORGANIZATIONNAME = david;
				TargetAttributes = {
					63454A161A31962A00D04A6F = {
						CreatedOnToolsVersion = 6.1;
					};
					63454A2F1A31962A00D04A6F = {
						CreatedOnToolsVersion = 6.1;
						TestTargetID = 63454A161A31962A00D04A6F;
					};
				};
			};
			buildConfigurationList = 63454A121A31962A00D04A6F /* Build configuration list for PBXProject "TestBot" */;
			compatibilityVersion = "Xcode 3.2";
			developmentRegion = English;
			hasScannedForEncodings = 0;
			knownRegions = (
				en,
				Base,
			);
			mainGroup = 63454A0E1A31962A00D04A6F;
			productRefGroup = 63454A181A31962A00D04A6F /* Products */;
			projectDirPath = "";
			projectRoot = "";
			targets = (
				63454A161A31962A00D04A6F /* TestBot */,
				63454A2F1A31962A00D04A6F /* TestBotTests */,
			);
		};
/* End PBXProject section */

/* Begin PBXResourcesBuildPhase section */
		63454A151A31962A00D04A6F /* Resources */ = {
			isa = PBXResourcesBuildPhase;
			buildActionMask = 2147483647;
			files = (
				63454A261A31962A00D04A6F /* Main.storyboard in Resources */,
				63454A2B1A31962A00D04A6F /* LaunchScreen.xib in Resources */,
				63454A281A31962A00D04A6F /* Images.xcassets in Resources */,
			);
			runOnlyForDeploymentPostprocessing = 0;
		};
		63454A2E1A31962A00D04A6F /* Resources */ = {
			isa = PBXResourcesBuildPhase;
			buildActionMask = 2147483647;
			files = (
			);
			runOnlyForDeploymentPostprocessing = 0;
		};
/* End PBXResourcesBuildPhase section */

/* Begin PBXSourcesBuildPhase section */
		63454A131A31962A00D04A6F /* Sources */ = {
			isa = PBXSourcesBuildPhase;
			buildActionMask = 2147483647;
			files = (
				63454A231A31962A00D04A6F /* ViewController.m in Sources */,
				63454A201A31962A00D04A6F /* AppDelegate.m in Sources */,
				63454A1D1A31962A00D04A6F /* main.m in Sources */,
			);
			runOnlyForDeploymentPostprocessing = 0;
		};
		63454A2C1A31962A00D04A6F /* Sources */ = {
			isa = PBXSourcesBuildPhase;
			buildActionMask = 2147483647;
			files = (
				63454A371A31962A00D04A6F /* TestBotTests.m in Sources */,
			);
			runOnlyForDeploymentPostprocessing = 0;
		};
/* End PBXSourcesBuildPhase section */

/* Begin PBXTargetDependency section */
		63454A321A31962A00D04A6F /* PBXTargetDependency */ = {
			isa = PBXTargetDependency;
			target = 63454A161A31962A00D04A6F /* TestBot */;
			targetProxy = 63454A311A31962A00D04A6F /* PBXContainerItemProxy */;
		};
/* End PBXTargetDependency section */

/* Begin PBXVariantGroup section */
		63454A241A31962A00D04A6F /* Main.storyboard */ = {
			isa = PBXVariantGroup;
			children = (
				63454A251A31962A00D04A6F /* Base */,
			);
			name = Main.storyboard;
			sourceTree = "<group>";
		};
		63454A291A31962A00D04A6F /* LaunchScreen.xib */ = {
			isa = PBXVariantGroup;
			children = (
				63454A2A1A31962A00D04A6F /* Base */,
			);
			name = LaunchScreen.xib;
			sourceTree = "<group>";
		};
/* End PBXVariantGroup section */

/* Begin XCBuildConfiguration section */
		63454A381A31962A00D04A6F /* Debug */ = {
			isa = XCBuildConfiguration;
			buildSettings = {
				ALWAYS_SEARCH_USER_PATHS = NO;
				CLANG_CXX_LANGUAGE_STANDARD = "gnu++0x";
				CLANG_CXX_LIBRARY = "libc++";
				CLANG_ENABLE_MODULES = YES;
				CLANG_ENABLE_OBJC_ARC = YES;
				CLANG_WARN_BOOL_CONVERSION = YES;
				CLANG_WARN_CONSTANT_CONVERSION = YES;
				CLANG_WARN_DIRECT_OBJC_ISA_USAGE = YES_ERROR;
				CLANG_WARN_EMPTY_BODY = YES;
				CLANG_WARN_ENUM_CONVERSION = YES;
				CLANG_WARN_INT_CONVERSION = YES;
				CLANG_WARN_OBJC_ROOT_CLASS = YES_ERROR;
				CLANG_WARN_UNREACHABLE_CODE = YES;
				CLANG_WARN__DUPLICATE_METHOD_MATCH = YES;
				"CODE_SIGN_IDENTITY[sdk=iphoneos*]" = "iPhone Developer";
				COPY_PHASE_STRIP = NO;
				ENABLE_STRICT_OBJC_MSGSEND = YES;
				GCC_C_LANGUAGE_STANDARD = gnu99;
				GCC_DYNAMIC_NO_PIC = NO;
				GCC_OPTIMIZATION_LEVEL = 0;
				GCC_PREPROCESSOR_DEFINITIONS = (
					"DEBUG=1",
					"$(inherited)",
				);
				GCC_SYMBOLS_PRIVATE_EXTERN = NO;
				GCC_WARN_64_TO_32_BIT_CONVERSION = YES;
				GCC_WARN_ABOUT_RETURN_TYPE = YES_ERROR;
				GCC_WARN_UNDECLARED_SELECTOR = YES;
				GCC_WARN_UNINITIALIZED_AUTOS = YES_AGGRESSIVE;
				GCC_WARN_UNUSED_FUNCTION = YES;
				GCC_WARN_UNUSED_VARIABLE = YES;
				IPHONEOS_DEPLOYMENT_TARGET = 8.1;
				MTL_ENABLE_DEBUG_INFO = YES;
				ONLY_ACTIVE_ARCH = YES;
				SDKROOT = iphoneos;
			};
			name = Debug;
		};
		63454A391A31962A00D04A6F /* Release */ = {
			isa = XCBuildConfiguration;
			buildSettings = {
				ALWAYS_SEARCH_USER_PATHS = NO;
				CLANG_CXX_LANGUAGE_STANDARD = "gnu++0x";
				CLANG_CXX_LIBRARY = "libc++";
				CLANG_ENABLE_MODULES = YES;
				CLANG_ENABLE_OBJC_ARC = YES;
				CLANG_WARN_BOOL_CONVERSION = YES;
				CLANG_WARN_CONSTANT_CONVERSION = YES;
				CLANG_WARN_DIRECT_OBJC_ISA_USAGE = YES_ERROR;
				CLANG_WARN_EMPTY_BODY = YES;
				CLANG_WARN_ENUM_CONVERSION = YES;
				CLANG_WARN_INT_CONVERSION = YES;
				CLANG_WARN_OBJC_ROOT_CLASS = YES_ERROR;
				CLANG_WARN_UNREACHABLE_CODE = YES;
				CLANG_WARN__DUPLICATE_METHOD_MATCH = YES;
				"CODE_SIGN_IDENTITY[sdk=iphoneos*]" = "iPhone Developer";
				COPY_PHASE_STRIP = YES;
				ENABLE_NS_ASSERTIONS = NO;
				ENABLE_STRICT_OBJC_MSGSEND = YES;
				GCC_C_LANGUAGE_STANDARD = gnu99;
				GCC_WARN_64_TO_32_BIT_CONVERSION = YES;
				GCC_WARN_ABOUT_RETURN_TYPE = YES_ERROR;
				GCC_WARN_UNDECLARED_SELECTOR = YES;
				GCC_WARN_UNINITIALIZED_AUTOS = YES_AGGRESSIVE;
				GCC_WARN_UNUSED_FUNCTION = YES;
				GCC_WARN_UNUSED_VARIABLE = YES;
				IPHONEOS_DEPLOYMENT_TARGET = 8.1;
				MTL_ENABLE_DEBUG_INFO = NO;
				SDKROOT = iphoneos;
				VALIDATE_PRODUCT = YES;
			};
			name = Release;
		};
		63454A3B1A31962A00D04A6F /* Debug */ = {
			isa = XCBuildConfiguration;
			buildSettings = {
				ASSETCATALOG_COMPILER_APPICON_NAME = AppIcon;
				INFOPLIST_FILE = TestBot/Info.plist;
				LD_RUNPATH_SEARCH_PATHS = "$(inherited) @executable_path/Frameworks";
				PRODUCT_NAME = "$(TARGET_NAME)";
			};
			name = Debug;
		};
		63454A3C1A31962A00D04A6F /* Release */ = {
			isa = XCBuildConfiguration;
			buildSettings = {
				ASSETCATALOG_COMPILER_APPICON_NAME = AppIcon;
				INFOPLIST_FILE = TestBot/Info.plist;
				LD_RUNPATH_SEARCH_PATHS = "$(inherited) @executable_path/Frameworks";
				PRODUCT_NAME = "$(TARGET_NAME)";
			};
			name = Release;
		};
		63454A3E1A31962A00D04A6F /* Debug */ = {
			isa = XCBuildConfiguration;
			buildSettings = {
				BUNDLE_LOADER = "$(TEST_HOST)";
				FRAMEWORK_SEARCH_PATHS = (
					"$(SDKROOT)/Developer/Library/Frameworks",
					"$(inherited)",
				);
				GCC_PREPROCESSOR_DEFINITIONS = (
					"DEBUG=1",
					"$(inherited)",
				);
				INFOPLIST_FILE = TestBotTests/Info.plist;
				LD_RUNPATH_SEARCH_PATHS = "$(inherited) @executable_path/Frameworks @loader_path/Frameworks";
				PRODUCT_NAME = "$(TARGET_NAME)";
				TEST_HOST = "$(BUILT_PRODUCTS_DIR)/TestBot.app/TestBot";
			};
			name = Debug;
		};
		63454A3F1A31962A00D04A6F /* Release */ = {
			isa = XCBuildConfiguration;
			buildSettings = {
				BUNDLE_LOADER = "$(TEST_HOST)";
				FRAMEWORK_SEARCH_PATHS = (
					"$(SDKROOT)/Developer/Library/Frameworks",
					"$(inherited)",
				);
				INFOPLIST_FILE = TestBotTests/Info.plist;
				LD_RUNPATH_SEARCH_PATHS = "$(inherited) @executable_path/Frameworks @loader_path/Frameworks";
				PRODUCT_NAME = "$(TARGET_NAME)";
				TEST_HOST = "$(BUILT_PRODUCTS_DIR)/TestBot.app/TestBot";
			};
			name = Release;
		};
/* End XCBuildConfiguration section */

/* Begin XCConfigurationList section */
		63454A121A31962A00D04A6F /* Build configuration list for PBXProject "TestBot" */ = {
			isa = XCConfigurationList;
			buildConfigurations = (
				63454A381A31962A00D04A6F /* Debug */,
				63454A391A31962A00D04A6F /* Release */,
			);
			defaultConfigurationIsVisible = 0;
			defaultConfigurationName = Release;
		};
		63454A3A1A31962A00D04A6F /* Build configuration list for PBXNativeTarget "TestBot" */ = {
			isa = XCConfigurationList;
			buildConfigurations = (
				63454A3B1A31962A00D04A6F /* Debug */,
				63454A3C1A31962A00D04A6F /* Release */,
			);
			defaultConfigurationIsVisible = 0;
		};
		63454A3D1A31962A00D04A6F /* Build configuration list for PBXNativeTarget "TestBotTests" */ = {
			isa = XCConfigurationList;
			buildConfigurations = (
				63454A3E1A31962A00D04A6F /* Debug */,
				63454A3F1A31962A00D04A6F /* Release */,
			);
			defaultConfigurationIsVisible = 0;
		};
/* End XCConfigurationList section */
	};
	rootObject = 63454A0F1A31962A00D04A6F /* Project object */;
}
